
Microsoft Visual Studio Solution File, Format Version 12.00
# Visual Studio Version 17
VisualStudioVersion = 17.9.34714.143
MinimumVisualStudioVersion = 10.0.40219.1
Project("{FAE04EC0-301F-11D3-BF4B-00C04F79EFBC}") = "Mission11_Taylor", "Mission11_Taylor\Mission11_Taylor.csproj", "{7F25DB2E-6850-4910-B1E2-F6EA9C68181A}"
EndProject
Global
	GlobalSection(SolutionConfigurationPlatforms) = preSolution
		Debug|Any CPU = Debug|Any CPU
		Release|Any CPU = Release|Any CPU
	EndGlobalSection
	GlobalSection(ProjectConfigurationPlatforms) = postSolution
		{7F25DB2E-6850-4910-B1E2-F6EA9C68181A}.Debug|Any CPU.ActiveCfg = Debug|Any CPU
		{7F25DB2E-6850-4910-B1E2-F6EA9C68181A}.Debug|Any CPU.Build.0 = Debug|Any CPU
		{7F25DB2E-6850-4910-B1E2-F6EA9C68181A}.Release|Any CPU.ActiveCfg = Release|Any CPU
		{7F25DB2E-6850-4910-B1E2-F6EA9C68181A}.Release|Any CPU.Build.0 = Release|Any CPU
	EndGlobalSection
	GlobalSection(SolutionProperties) = preSolution
		HideSolutionNode = FALSE
	EndGlobalSection
	GlobalSection(ExtensibilityGlobals) = postSolution
		SolutionGuid = {9754C568-863C-4FF9-ACD7-C1D4ED27FC68}
	EndGlobalSection
EndGlobal
